{
    "name": "cfs-template-pulumi-aws",
    "version": "0.1.0",
    "lockfileVersion": 1,
    "requires": true,
    "dependencies": {
        "@types/mime": {
            "version": "2.0.2",
            "resolved": "https://registry.npmjs.org/@types/mime/-/mime-2.0.2.tgz",
            "integrity": "sha512-4kPlzbljFcsttWEq6aBW0OZe6BDajAmyvr2xknBG92tejQnvdGtT9+kXSZ580DqpxY9qG2xeQVF9Dq0ymUTo5Q==",
            "dev": true
        },
        "@types/node": {
            "version": "10.17.24",
            "dev": true
        }
    }
}
